github.com/GoesToEleven/dog v0.0.0-20230428023317-90bef1c76cb9 h1:WtQjqEAV0EwbFVvp4ETs4XvRmdE0+r578aLTAnay80Y=
github.com/GoesToEleven/dog v0.0.0-20230428023317-90bef1c76cb9/go.mod h1:bSJZIYrINAWfFsUPONiX6V8GGsCFquPtn5yE6DFvIkE=
github.com/GoesToEleven/puppy v1.2.0 h1:oH8CmnGauWjv0RmtYu2saAwRaB6MOfx6L+SPZnWmBfk=
github.com/GoesToEleven/puppy v1.2.0/go.mod h1:WobEgPdFB6u5c9xLvtp3KOhVIdHaYYpH6pZVOcLq0+w=
github.com/GoesToEleven/puppy v1.3.0 h1:6kvL9k6x8STNArAn3VVdQAye+5AOM3SbxV0uPdq5xn0=
github.com/GoesToEleven/puppy v1.3.0/go.mod h1:WobEgPdFB6u5c9xLvtp3KOhVIdHaYYpH6pZVOcLq0+w=
golang.org/x/crypto v0.15.0 h1:frVn1TEaCEaZcn3Tmd7Y2b5KKPaZ+I32Q2OA3kYp5TA=
golang.org/x/crypto v0.15.0/go.mod h1:4ChreQoLWfG3xLDer1WdlH5NdlQ3+mwnQq1YTKY+72g=
golang.org/x/exp v0.0.0-20231108232855-2478ac86f678 h1:mchzmB1XO2pMaKFRqk/+MV3mgGG96aqaPXaMifQU47w=
golang.org/x/exp v0.0.0-20231108232855-2478ac86f678/go.mod h1:zk2irFbV9DP96SEBUUAy67IdHUaZuSnrz1n472HUCLE=
